// !$*UTF8*$!
{
	archiveVersion = 1;
	classes = {
	};
	objectVersion = 55;
	objects = {

/* Begin PBXBuildFile section */
		44A4292B2974C7C5008DF7FB /* Tests_iOS.swift in Sources */ = {isa = PBXBuildFile; fileRef = 44A4292A2974C7C5008DF7FB /* Tests_iOS.swift */; };
		44A4292D2974C7C5008DF7FB /* Tests_iOSLaunchTests.swift in Sources */ = {isa = PBXBuildFile; fileRef = 44A4292C2974C7C5008DF7FB /* Tests_iOSLaunchTests.swift */; };
		44A429372974C7C5008DF7FB /* Tests_macOS.swift in Sources */ = {isa = PBXBuildFile; fileRef = 44A429362974C7C5008DF7FB /* Tests_macOS.swift */; };
		44A429392974C7C5008DF7FB /* Tests_macOSLaunchTests.swift in Sources */ = {isa = PBXBuildFile; fileRef = 44A429382974C7C5008DF7FB /* Tests_macOSLaunchTests.swift */; };
		44A4293A2974C7C5008DF7FB /* helloworldiosApp.swift in Sources */ = {isa = PBXBuildFile; fileRef = 44A429122974C7BE008DF7FB /* helloworldiosApp.swift */; };
		44A4293B2974C7C5008DF7FB /* helloworldiosApp.swift in Sources */ = {isa = PBXBuildFile; fileRef = 44A429122974C7BE008DF7FB /* helloworldiosApp.swift */; };
		44A4293C2974C7C5008DF7FB /* ContentView.swift in Sources */ = {isa = PBXBuildFile; fileRef = 44A429132974C7BE008DF7FB /* ContentView.swift */; };
		44A4293D2974C7C5008DF7FB /* ContentView.swift in Sources */ = {isa = PBXBuildFile; fileRef = 44A429132974C7BE008DF7FB /* ContentView.swift */; };
		44A4293E2974C7C5008DF7FB /* Assets.xcassets in Resources */ = {isa = PBXBuildFile; fileRef = 44A429142974C7C5008DF7FB /* Assets.xcassets */; };
		44A4293F2974C7C5008DF7FB /* Assets.xcassets in Resources */ = {isa = PBXBuildFile; fileRef = 44A429142974C7C5008DF7FB /* Assets.xcassets */; };
/* End PBXBuildFile section */

/* Begin PBXContainerItemProxy section */
		44A429272974C7C5008DF7FB /* PBXContainerItemProxy */ = {
			isa = PBXContainerItemProxy;
			containerPortal = 44A4290D2974C7BD008DF7FB /* Project object */;
			proxyType = 1;
			remoteGlobalIDString = 44A429182974C7C5008DF7FB;
			remoteInfo = "helloworldios (iOS)";
		};
		44A429332974C7C5008DF7FB /* PBXContainerItemProxy */ = {
			isa = PBXContainerItemProxy;
			containerPortal = 44A4290D2974C7BD008DF7FB /* Project object */;
			proxyType = 1;
			remoteGlobalIDString = 44A4291E2974C7C5008DF7FB;
			remoteInfo = "helloworldios (macOS)";
		};
/* End PBXContainerItemProxy section */

/* Begin PBXFileReference section */
		44A429122974C7BE008DF7FB /* helloworldiosApp.swift */ = {isa = PBXFileReference; lastKnownFileType = sourcecode.swift; path = helloworldiosApp.swift; sourceTree = "<group>"; };
		44A429132974C7BE008DF7FB /* ContentView.swift */ = {isa = PBXFileReference; lastKnownFileType = sourcecode.swift; path = ContentView.swift; sourceTree = "<group>"; };
		44A429142974C7C5008DF7FB /* Assets.xcassets */ = {isa = PBXFileReference; lastKnownFileType = folder.assetcatalog; path = Assets.xcassets; sourceTree = "<group>"; };
		44A429192974C7C5008DF7FB /* helloworldios.app */ = {isa = PBXFileReference; explicitFileType = wrapper.application; includeInIndex = 0; path = helloworldios.app; sourceTree = BUILT_PRODUCTS_DIR; };
		44A4291F2974C7C5008DF7FB /* helloworldios.app */ = {isa = PBXFileReference; explicitFileType = wrapper.application; includeInIndex = 0; path = helloworldios.app; sourceTree = BUILT_PRODUCTS_DIR; };
		44A429212974C7C5008DF7FB /* macOS.entitlements */ = {isa = PBXFileReference; lastKnownFileType = text.plist.entitlements; path = macOS.entitlements; sourceTree = "<group>"; };
		44A429262974C7C5008DF7FB /* Tests iOS.xctest */ = {isa = PBXFileReference; explicitFileType = wrapper.cfbundle; includeInIndex = 0; path = "Tests iOS.xctest"; sourceTree = BUILT_PRODUCTS_DIR; };
		44A4292A2974C7C5008DF7FB /* Tests_iOS.swift */ = {isa = PBXFileReference; lastKnownFileType = sourcecode.swift; path = Tests_iOS.swift; sourceTree = "<group>"; };
		44A4292C2974C7C5008DF7FB /* Tests_iOSLaunchTests.swift */ = {isa = PBXFileReference; lastKnownFileType = sourcecode.swift; path = Tests_iOSLaunchTests.swift; sourceTree = "<group>"; };
		44A429322974C7C5008DF7FB /* Tests macOS.xctest */ = {isa = PBXFileReference; explicitFileType = wrapper.cfbundle; includeInIndex = 0; path = "Tests macOS.xctest"; sourceTree = BUILT_PRODUCTS_DIR; };
		44A429362974C7C5008DF7FB /* Tests_macOS.swift */ = {isa = PBXFileReference; lastKnownFileType = sourcecode.swift; path = Tests_macOS.swift; sourceTree = "<group>"; };
		44A429382974C7C5008DF7FB /* Tests_macOSLaunchTests.swift */ = {isa = PBXFileReference; lastKnownFileType = sourcecode.swift; path = Tests_macOSLaunchTests.swift; sourceTree = "<group>"; };
/* End PBXFileReference section */

/* Begin PBXFrameworksBuildPhase section */
		44A429162974C7C5008DF7FB /* Frameworks */ = {
			isa = PBXFrameworksBuildPhase;
			buildActionMask = 2147483647;
			files = (
			);
			runOnlyForDeploymentPostprocessing = 0;
		};
		44A4291C2974C7C5008DF7FB /* Frameworks */ = {
			isa = PBXFrameworksBuildPhase;
			buildActionMask = 2147483647;
			files = (
			);
			runOnlyForDeploymentPostprocessing = 0;
		};
		44A429232974C7C5008DF7FB /* Frameworks */ = {
			isa = PBXFrameworksBuildPhase;
			buildActionMask = 2147483647;
			files = (
			);
			runOnlyForDeploymentPostprocessing = 0;
		};
		44A4292F2974C7C5008DF7FB /* Frameworks */ = {
			isa = PBXFrameworksBuildPhase;
			buildActionMask = 2147483647;
			files = (
			);
			runOnlyForDeploymentPostprocessing = 0;
		};
/* End PBXFrameworksBuildPhase section */

/* Begin PBXGroup section */
		44A4290C2974C7BD008DF7FB = {
			isa = PBXGroup;
			children = (
				44A429112974C7BE008DF7FB /* Shared */,
				44A429202974C7C5008DF7FB /* macOS */,
				44A429292974C7C5008DF7FB /* Tests iOS */,
				44A429352974C7C5008DF7FB /* Tests macOS */,
				44A4291A2974C7C5008DF7FB /* Products */,
			);
			sourceTree = "<group>";
		};
		44A429112974C7BE008DF7FB /* Shared */ = {
			isa = PBXGroup;
			children = (
				44A429122974C7BE008DF7FB /* helloworldiosApp.swift */,
				44A429132974C7BE008DF7FB /* ContentView.swift */,
				44A429142974C7C5008DF7FB /* Assets.xcassets */,
			);
			path = Shared;
			sourceTree = "<group>";
		};
		44A4291A2974C7C5008DF7FB /* Products */ = {
			isa = PBXGroup;
			children = (
				44A429192974C7C5008DF7FB /* helloworldios.app */,
				44A4291F2974C7C5008DF7FB /* helloworldios.app */,
				44A429262974C7C5008DF7FB /* Tests iOS.xctest */,
				44A429322974C7C5008DF7FB /* Tests macOS.xctest */,
			);
			name = Products;
			sourceTree = "<group>";
		};
		44A429202974C7C5008DF7FB /* macOS */ = {
			isa = PBXGroup;
			children = (
				44A429212974C7C5008DF7FB /* macOS.entitlements */,
			);
			path = macOS;
			sourceTree = "<group>";
		};
		44A429292974C7C5008DF7FB /* Tests iOS */ = {
			isa = PBXGroup;
			children = (
				44A4292A2974C7C5008DF7FB /* Tests_iOS.swift */,
				44A4292C2974C7C5008DF7FB /* Tests_iOSLaunchTests.swift */,
			);
			path = "Tests iOS";
			sourceTree = "<group>";
		};
		44A429352974C7C5008DF7FB /* Tests macOS */ = {
			isa = PBXGroup;
			children = (
				44A429362974C7C5008DF7FB /* Tests_macOS.swift */,
				44A429382974C7C5008DF7FB /* Tests_macOSLaunchTests.swift */,
			);
			path = "Tests macOS";
			sourceTree = "<group>";
		};
/* End PBXGroup section */

/* Begin PBXNativeTarget section */
		44A429182974C7C5008DF7FB /* helloworldios (iOS) */ = {
			isa = PBXNativeTarget;
			buildConfigurationList = 44A429422974C7C5008DF7FB /* Build configuration list for PBXNativeTarget "helloworldios (iOS)" */;
			buildPhases = (
				44A429152974C7C5008DF7FB /* Sources */,
				44A429162974C7C5008DF7FB /* Frameworks */,
				44A429172974C7C5008DF7FB /* Resources */,
			);
			buildRules = (
			);
			dependencies = (
			);
			name = "helloworldios (iOS)";
			productName = "helloworldios (iOS)";
			productReference = 44A429192974C7C5008DF7FB /* helloworldios.app */;
			productType = "com.apple.product-type.application";
		};
		44A4291E2974C7C5008DF7FB /* helloworldios (macOS) */ = {
			isa = PBXNativeTarget;
			buildConfigurationList = 44A429452974C7C5008DF7FB /* Build configuration list for PBXNativeTarget "helloworldios (macOS)" */;
			buildPhases = (
				44A4291B2974C7C5008DF7FB /* Sources */,
				44A4291C2974C7C5008DF7FB /* Frameworks */,
				44A4291D2974C7C5008DF7FB /* Resources */,
			);
			buildRules = (
			);
			dependencies = (
			);
			name = "helloworldios (macOS)";
			productName = "helloworldios (macOS)";
			productReference = 44A4291F2974C7C5008DF7FB /* helloworldios.app */;
			productType = "com.apple.product-type.application";
		};
		44A429252974C7C5008DF7FB /* Tests iOS */ = {
			isa = PBXNativeTarget;
			buildConfigurationList = 44A429482974C7C5008DF7FB /* Build configuration list for PBXNativeTarget "Tests iOS" */;
			buildPhases = (
				44A429222974C7C5008DF7FB /* Sources */,
				44A429232974C7C5008DF7FB /* Frameworks */,
				44A429242974C7C5008DF7FB /* Resources */,
			);
			buildRules = (
			);
			dependencies = (
				44A429282974C7C5008DF7FB /* PBXTargetDependency */,
			);
			name = "Tests iOS";
			productName = "Tests iOS";
			productReference = 44A429262974C7C5008DF7FB /* Tests iOS.xctest */;
			productType = "com.apple.product-type.bundle.ui-testing";
		};
		44A429312974C7C5008DF7FB /* Tests macOS */ = {
			isa = PBXNativeTarget;
			buildConfigurationList = 44A4294B2974C7C5008DF7FB /* Build configuration list for PBXNativeTarget "Tests macOS" */;
			buildPhases = (
				44A4292E2974C7C5008DF7FB /* Sources */,
				44A4292F2974C7C5008DF7FB /* Frameworks */,
				44A429302974C7C5008DF7FB /* Resources */,
			);
			buildRules = (
			);
			dependencies = (
				44A429342974C7C5008DF7FB /* PBXTargetDependency */,
			);
			name = "Tests macOS";
			productName = "Tests macOS";
			productReference = 44A429322974C7C5008DF7FB /* Tests macOS.xctest */;
			productType = "com.apple.product-type.bundle.ui-testing";
		};
/* End PBXNativeTarget section */

/* Begin PBXProject section */
		44A4290D2974C7BD008DF7FB /* Project object */ = {
			isa = PBXProject;
			attributes = {
				BuildIndependentTargetsInParallel = 1;
				LastSwiftUpdateCheck = 1320;
				LastUpgradeCheck = 1320;
				TargetAttributes = {
					44A429182974C7C5008DF7FB = {
						CreatedOnToolsVersion = 13.2;
					};
					44A4291E2974C7C5008DF7FB = {
						CreatedOnToolsVersion = 13.2;
					};
					44A429252974C7C5008DF7FB = {
						CreatedOnToolsVersion = 13.2;
						TestTargetID = 44A429182974C7C5008DF7FB;
					};
					44A429312974C7C5008DF7FB = {
						CreatedOnToolsVersion = 13.2;
						TestTargetID = 44A4291E2974C7C5008DF7FB;
					};
				};
			};
			buildConfigurationList = 44A429102974C7BD008DF7FB /* Build configuration list for PBXProject "helloworldios" */;
			compatibilityVersion = "Xcode 13.0";
			developmentRegion = en;
			hasScannedForEncodings = 0;
			knownRegions = (
				en,
				Base,
			);
			mainGroup = 44A4290C2974C7BD008DF7FB;
			productRefGroup = 44A4291A2974C7C5008DF7FB /* Products */;
			projectDirPath = "";
			projectRoot = "";
			targets = (
				44A429182974C7C5008DF7FB /* helloworldios (iOS) */,
				44A4291E2974C7C5008DF7FB /* helloworldios (macOS) */,
				44A429252974C7C5008DF7FB /* Tests iOS */,
				44A429312974C7C5008DF7FB /* Tests macOS */,
			);
		};
/* End PBXProject section */

/* Begin PBXResourcesBuildPhase section */
		44A429172974C7C5008DF7FB /* Resources */ = {
			isa = PBXResourcesBuildPhase;
			buildActionMask = 2147483647;
			files = (
				44A4293E2974C7C5008DF7FB /* Assets.xcassets in Resources */,
			);
			runOnlyForDeploymentPostprocessing = 0;
		};
		44A4291D2974C7C5008DF7FB /* Resources */ = {
			isa = PBXResourcesBuildPhase;
			buildActionMask = 2147483647;
			files = (
				44A4293F2974C7C5008DF7FB /* Assets.xcassets in Resources */,
			);
			runOnlyForDeploymentPostprocessing = 0;
		};
		44A429242974C7C5008DF7FB /* Resources */ = {
			isa = PBXResourcesBuildPhase;
			buildActionMask = 2147483647;
			files = (
			);
			runOnlyForDeploymentPostprocessing = 0;
		};
		44A429302974C7C5008DF7FB /* Resources */ = {
			isa = PBXResourcesBuildPhase;
			buildActionMask = 2147483647;
			files = (
			);
			runOnlyForDeploymentPostprocessing = 0;
		};
/* End PBXResourcesBuildPhase section */

/* Begin PBXSourcesBuildPhase section */
		44A429152974C7C5008DF7FB /* Sources */ = {
			isa = PBXSourcesBuildPhase;
			buildActionMask = 2147483647;
			files = (
				44A4293C2974C7C5008DF7FB /* ContentView.swift in Sources */,
				44A4293A2974C7C5008DF7FB /* helloworldiosApp.swift in Sources */,
			);
			runOnlyForDeploymentPostprocessing = 0;
		};
		44A4291B2974C7C5008DF7FB /* Sources */ = {
			isa = PBXSourcesBuildPhase;
			buildActionMask = 2147483647;
			files = (
				44A4293D2974C7C5008DF7FB /* ContentView.swift in Sources */,
				44A4293B2974C7C5008DF7FB /* helloworldiosApp.swift in Sources */,
			);
			runOnlyForDeploymentPostprocessing = 0;
		};
		44A429222974C7C5008DF7FB /* Sources */ = {
			isa = PBXSourcesBuildPhase;
			buildActionMask = 2147483647;
			files = (
				44A4292D2974C7C5008DF7FB /* Tests_iOSLaunchTests.swift in Sources */,
				44A4292B2974C7C5008DF7FB /* Tests_iOS.swift in Sources */,
			);
			runOnlyForDeploymentPostprocessing = 0;
		};
		44A4292E2974C7C5008DF7FB /* Sources */ = {
			isa = PBXSourcesBuildPhase;
			buildActionMask = 2147483647;
			files = (
				44A429392974C7C5008DF7FB /* Tests_macOSLaunchTests.swift in Sources */,
				44A429372974C7C5008DF7FB /* Tests_macOS.swift in Sources */,
			);
			runOnlyForDeploymentPostprocessing = 0;
		};
/* End PBXSourcesBuildPhase section */

/* Begin PBXTargetDependency section */
		44A429282974C7C5008DF7FB /* PBXTargetDependency */ = {
			isa = PBXTargetDependency;
			target = 44A429182974C7C5008DF7FB /* helloworldios (iOS) */;
			targetProxy = 44A429272974C7C5008DF7FB /* PBXContainerItemProxy */;
		};
		44A429342974C7C5008DF7FB /* PBXTargetDependency */ = {
			isa = PBXTargetDependency;
			target = 44A4291E2974C7C5008DF7FB /* helloworldios (macOS) */;
			targetProxy = 44A429332974C7C5008DF7FB /* PBXContainerItemProxy */;
		};
/* End PBXTargetDependency section */

/* Begin XCBuildConfiguration section */
		44A429402974C7C5008DF7FB /* Debug */ = {
			isa = XCBuildConfiguration;
			buildSettings = {
				ALWAYS_SEARCH_USER_PATHS = NO;
				CLANG_ANALYZER_NONNULL = YES;
				CLANG_ANALYZER_NUMBER_OBJECT_CONVERSION = YES_AGGRESSIVE;
				CLANG_CXX_LANGUAGE_STANDARD = "gnu++17";
				CLANG_CXX_LIBRARY = "libc++";
				CLANG_ENABLE_MODULES = YES;
				CLANG_ENABLE_OBJC_ARC = YES;
				CLANG_ENABLE_OBJC_WEAK = YES;
				CLANG_WARN_BLOCK_CAPTURE_AUTORELEASING = YES;
				CLANG_WARN_BOOL_CONVERSION = YES;
				CLANG_WARN_COMMA = YES;
				CLANG_WARN_CONSTANT_CONVERSION = YES;
				CLANG_WARN_DEPRECATED_OBJC_IMPLEMENTATIONS = YES;
				CLANG_WARN_DIRECT_OBJC_ISA_USAGE = YES_ERROR;
				CLANG_WARN_DOCUMENTATION_COMMENTS = YES;
				CLANG_WARN_EMPTY_BODY = YES;
				CLANG_WARN_ENUM_CONVERSION = YES;
				CLANG_WARN_INFINITE_RECURSION = YES;
				CLANG_WARN_INT_CONVERSION = YES;
				CLANG_WARN_NON_LITERAL_NULL_CONVERSION = YES;
				CLANG_WARN_OBJC_IMPLICIT_RETAIN_SELF = YES;
				CLANG_WARN_OBJC_LITERAL_CONVERSION = YES;
				CLANG_WARN_OBJC_ROOT_CLASS = YES_ERROR;
				CLANG_WARN_QUOTED_INCLUDE_IN_FRAMEWORK_HEADER = YES;
				CLANG_WARN_RANGE_LOOP_ANALYSIS = YES;
				CLANG_WARN_STRICT_PROTOTYPES = YES;
				CLANG_WARN_SUSPICIOUS_MOVE = YES;
				CLANG_WARN_UNGUARDED_AVAILABILITY = YES_AGGRESSIVE;
				CLANG_WARN_UNREACHABLE_CODE = YES;
				CLANG_WARN__DUPLICATE_METHOD_MATCH = YES;
				COPY_PHASE_STRIP = NO;
				DEBUG_INFORMATION_FORMAT = dwarf;
				ENABLE_STRICT_OBJC_MSGSEND = YES;
				ENABLE_TESTABILITY = YES;
				GCC_C_LANGUAGE_STANDARD = gnu11;
				GCC_DYNAMIC_NO_PIC = NO;
				GCC_NO_COMMON_BLOCKS = YES;
				GCC_OPTIMIZATION_LEVEL = 0;
				GCC_PREPROCESSOR_DEFINITIONS = (
					"DEBUG=1",
					"$(inherited)",
				);
				GCC_WARN_64_TO_32_BIT_CONVERSION = YES;
				GCC_WARN_ABOUT_RETURN_TYPE = YES_ERROR;
				GCC_WARN_UNDECLARED_SELECTOR = YES;
				GCC_WARN_UNINITIALIZED_AUTOS = YES_AGGRESSIVE;
				GCC_WARN_UNUSED_FUNCTION = YES;
				GCC_WARN_UNUSED_VARIABLE = YES;
				MTL_ENABLE_DEBUG_INFO = INCLUDE_SOURCE;
				MTL_FAST_MATH = YES;
				ONLY_ACTIVE_ARCH = YES;
				SWIFT_ACTIVE_COMPILATION_CONDITIONS = DEBUG;
				SWIFT_OPTIMIZATION_LEVEL = "-Onone";
			};
			name = Debug;
		};
		44A429412974C7C5008DF7FB /* Release */ = {
			isa = XCBuildConfiguration;
			buildSettings = {
				ALWAYS_SEARCH_USER_PATHS = NO;
				CLANG_ANALYZER_NONNULL = YES;
				CLANG_ANALYZER_NUMBER_OBJECT_CONVERSION = YES_AGGRESSIVE;
				CLANG_CXX_LANGUAGE_STANDARD = "gnu++17";
				CLANG_CXX_LIBRARY = "libc++";
				CLANG_ENABLE_MODULES = YES;
				CLANG_ENABLE_OBJC_ARC = YES;
				CLANG_ENABLE_OBJC_WEAK = YES;
				CLANG_WARN_BLOCK_CAPTURE_AUTORELEASING = YES;
				CLANG_WARN_BOOL_CONVERSION = YES;
				CLANG_WARN_COMMA = YES;
				CLANG_WARN_CONSTANT_CONVERSION = YES;
				CLANG_WARN_DEPRECATED_OBJC_IMPLEMENTATIONS = YES;
				CLANG_WARN_DIRECT_OBJC_ISA_USAGE = YES_ERROR;
				CLANG_WARN_DOCUMENTATION_COMMENTS = YES;
				CLANG_WARN_EMPTY_BODY = YES;
				CLANG_WARN_ENUM_CONVERSION = YES;
				CLANG_WARN_INFINITE_RECURSION = YES;
				CLANG_WARN_INT_CONVERSION = YES;
				CLANG_WARN_NON_LITERAL_NULL_CONVERSION = YES;
				CLANG_WARN_OBJC_IMPLICIT_RETAIN_SELF = YES;
				CLANG_WARN_OBJC_LITERAL_CONVERSION = YES;
				CLANG_WARN_OBJC_ROOT_CLASS = YES_ERROR;
				CLANG_WARN_QUOTED_INCLUDE_IN_FRAMEWORK_HEADER = YES;
				CLANG_WARN_RANGE_LOOP_ANALYSIS = YES;
				CLANG_WARN_STRICT_PROTOTYPES = YES;
				CLANG_WARN_SUSPICIOUS_MOVE = YES;
				CLANG_WARN_UNGUARDED_AVAILABILITY = YES_AGGRESSIVE;
				CLANG_WARN_UNREACHABLE_CODE = YES;
				CLANG_WARN__DUPLICATE_METHOD_MATCH = YES;
				COPY_PHASE_STRIP = NO;
				DEBUG_INFORMATION_FORMAT = "dwarf-with-dsym";
				ENABLE_NS_ASSERTIONS = NO;
				ENABLE_STRICT_OBJC_MSGSEND = YES;
				GCC_C_LANGUAGE_STANDARD = gnu11;
				GCC_NO_COMMON_BLOCKS = YES;
				GCC_WARN_64_TO_32_BIT_CONVERSION = YES;
				GCC_WARN_ABOUT_RETURN_TYPE = YES_ERROR;
				GCC_WARN_UNDECLARED_SELECTOR = YES;
				GCC_WARN_UNINITIALIZED_AUTOS = YES_AGGRESSIVE;
				GCC_WARN_UNUSED_FUNCTION = YES;
				GCC_WARN_UNUSED_VARIABLE = YES;
				MTL_ENABLE_DEBUG_INFO = NO;
				MTL_FAST_MATH = YES;
				SWIFT_COMPILATION_MODE = wholemodule;
				SWIFT_OPTIMIZATION_LEVEL = "-O";
			};
			name = Release;
		};
		44A429432974C7C5008DF7FB /* Debug */ = {
			isa = XCBuildConfiguration;
			buildSettings = {
				ASSETCATALOG_COMPILER_APPICON_NAME = AppIcon;
				ASSETCATALOG_COMPILER_GLOBAL_ACCENT_COLOR_NAME = AccentColor;
				CODE_SIGN_STYLE = Automatic;
				CURRENT_PROJECT_VERSION = 1;
				ENABLE_PREVIEWS = YES;
				GENERATE_INFOPLIST_FILE = YES;
				INFOPLIST_KEY_UIApplicationSceneManifest_Generation = YES;
				INFOPLIST_KEY_UIApplicationSupportsIndirectInputEvents = YES;
				INFOPLIST_KEY_UILaunchScreen_Generation = YES;
				INFOPLIST_KEY_UISupportedInterfaceOrientations = "";
				INFOPLIST_KEY_UISupportedInterfaceOrientations_iPad = "UIInterfaceOrientationPortrait UIInterfaceOrientationPortraitUpsideDown UIInterfaceOrientationLandscapeLeft UIInterfaceOrientationLandscapeRight";
				INFOPLIST_KEY_UISupportedInterfaceOrientations_iPhone = "UIInterfaceOrientationPortrait UIInterfaceOrientationLandscapeLeft UIInterfaceOrientationLandscapeRight";
				IPHONEOS_DEPLOYMENT_TARGET = 15.2;
				LD_RUNPATH_SEARCH_PATHS = (
					"$(inherited)",
					"@executable_path/Frameworks",
				);
				MARKETING_VERSION = 1.0;
				PRODUCT_BUNDLE_IDENTIFIER = johann.helloworldios;
				PRODUCT_NAME = helloworldios;
				SDKROOT = iphoneos;
				SWIFT_EMIT_LOC_STRINGS = YES;
				SWIFT_VERSION = 5.0;
				TARGETED_DEVICE_FAMILY = "1,2";
			};
			name = Debug;
		};
		44A429442974C7C5008DF7FB /* Release */ = {
			isa = XCBuildConfiguration;
			buildSettings = {
				ASSETCATALOG_COMPILER_APPICON_NAME = AppIcon;
				ASSETCATALOG_COMPILER_GLOBAL_ACCENT_COLOR_NAME = AccentColor;
				CODE_SIGN_STYLE = Automatic;
				CURRENT_PROJECT_VERSION = 1;
				ENABLE_PREVIEWS = YES;
				GENERATE_INFOPLIST_FILE = YES;
				INFOPLIST_KEY_UIApplicationSceneManifest_Generation = YES;
				INFOPLIST_KEY_UIApplicationSupportsIndirectInputEvents = YES;
				INFOPLIST_KEY_UILaunchScreen_Generation = YES;
				INFOPLIST_KEY_UISupportedInterfaceOrientations = "";
				INFOPLIST_KEY_UISupportedInterfaceOrientations_iPad = "UIInterfaceOrientationPortrait UIInterfaceOrientationPortraitUpsideDown UIInterfaceOrientationLandscapeLeft UIInterfaceOrientationLandscapeRight";
				INFOPLIST_KEY_UISupportedInterfaceOrientations_iPhone = "UIInterfaceOrientationPortrait UIInterfaceOrientationLandscapeLeft UIInterfaceOrientationLandscapeRight";
				IPHONEOS_DEPLOYMENT_TARGET = 15.2;
				LD_RUNPATH_SEARCH_PATHS = (
					"$(inherited)",
					"@executable_path/Frameworks",
				);
				MARKETING_VERSION = 1.0;
				PRODUCT_BUNDLE_IDENTIFIER = johann.helloworldios;
				PRODUCT_NAME = helloworldios;
				SDKROOT = iphoneos;
				SWIFT_EMIT_LOC_STRINGS = YES;
				SWIFT_VERSION = 5.0;
				TARGETED_DEVICE_FAMILY = "1,2";
				VALIDATE_PRODUCT = YES;
			};
			name = Release;
		};
		44A429462974C7C5008DF7FB /* Debug */ = {
			isa = XCBuildConfiguration;
			buildSettings = {
				ASSETCATALOG_COMPILER_APPICON_NAME = AppIcon;
				ASSETCATALOG_COMPILER_GLOBAL_ACCENT_COLOR_NAME = AccentColor;
				CODE_SIGN_ENTITLEMENTS = macOS/macOS.entitlements;
				CODE_SIGN_STYLE = Automatic;
				COMBINE_HIDPI_IMAGES = YES;
				CURRENT_PROJECT_VERSION = 1;
				ENABLE_PREVIEWS = YES;
				GENERATE_INFOPLIST_FILE = YES;
				INFOPLIST_KEY_NSHumanReadableCopyright = "";
				LD_RUNPATH_SEARCH_PATHS = (
					"$(inherited)",
					"@executable_path/../Frameworks",
				);
				MACOSX_DEPLOYMENT_TARGET = 11.7;
				MARKETING_VERSION = 1.0;
				PRODUCT_BUNDLE_IDENTIFIER = johann.helloworldios;
				PRODUCT_NAME = helloworldios;
				SDKROOT = macosx;
				SWIFT_EMIT_LOC_STRINGS = YES;
				SWIFT_VERSION = 5.0;
			};
			name = Debug;
		};
		44A429472974C7C5008DF7FB /* Release */ = {
			isa = XCBuildConfiguration;
			buildSettings = {
				ASSETCATALOG_COMPILER_APPICON_NAME = AppIcon;
				ASSETCATALOG_COMPILER_GLOBAL_ACCENT_COLOR_NAME = AccentColor;
				CODE_SIGN_ENTITLEMENTS = macOS/macOS.entitlements;
				CODE_SIGN_STYLE = Automatic;
				COMBINE_HIDPI_IMAGES = YES;
				CURRENT_PROJECT_VERSION = 1;
				ENABLE_PREVIEWS = YES;
				GENERATE_INFOPLIST_FILE = YES;
				INFOPLIST_KEY_NSHumanReadableCopyright = "";
				LD_RUNPATH_SEARCH_PATHS = (
					"$(inherited)",
					"@executable_path/../Frameworks",
				);
				MACOSX_DEPLOYMENT_TARGET = 11.7;
				MARKETING_VERSION = 1.0;
				PRODUCT_BUNDLE_IDENTIFIER = johann.helloworldios;
				PRODUCT_NAME = helloworldios;
				SDKROOT = macosx;
				SWIFT_EMIT_LOC_STRINGS = YES;
				SWIFT_VERSION = 5.0;
			};
			name = Release;
		};
		44A429492974C7C5008DF7FB /* Debug */ = {
			isa = XCBuildConfiguration;
			buildSettings = {
				ALWAYS_EMBED_SWIFT_STANDARD_LIBRARIES = YES;
				CODE_SIGN_STYLE = Automatic;
				CURRENT_PROJECT_VERSION = 1;
				GENERATE_INFOPLIST_FILE = YES;
				IPHONEOS_DEPLOYMENT_TARGET = 15.2;
				MARKETING_VERSION = 1.0;
				PRODUCT_BUNDLE_IDENTIFIER = "johann.Tests-iOS";
				PRODUCT_NAME = "$(TARGET_NAME)";
				SDKROOT = iphoneos;
				SWIFT_EMIT_LOC_STRINGS = NO;
				SWIFT_VERSION = 5.0;
				TARGETED_DEVICE_FAMILY = "1,2";
				TEST_TARGET_NAME = "helloworldios (iOS)";
			};
			name = Debug;
		};
		44A4294A2974C7C5008DF7FB /* Release */ = {
			isa = XCBuildConfiguration;
			buildSettings = {
				ALWAYS_EMBED_SWIFT_STANDARD_LIBRARIES = YES;
				CODE_SIGN_STYLE = Automatic;
				CURRENT_PROJECT_VERSION = 1;
				GENERATE_INFOPLIST_FILE = YES;
				IPHONEOS_DEPLOYMENT_TARGET = 15.2;
				MARKETING_VERSION = 1.0;
				PRODUCT_BUNDLE_IDENTIFIER = "johann.Tests-iOS";
				PRODUCT_NAME = "$(TARGET_NAME)";
				SDKROOT = iphoneos;
				SWIFT_EMIT_LOC_STRINGS = NO;
				SWIFT_VERSION = 5.0;
				TARGETED_DEVICE_FAMILY = "1,2";
				TEST_TARGET_NAME = "helloworldios (iOS)";
				VALIDATE_PRODUCT = YES;
			};
			name = Release;
		};
		44A4294C2974C7C5008DF7FB /* Debug */ = {
			isa = XCBuildConfiguration;
			buildSettings = {
				ALWAYS_EMBED_SWIFT_STANDARD_LIBRARIES = YES;
				CODE_SIGN_STYLE = Automatic;
				CURRENT_PROJECT_VERSION = 1;
				GENERATE_INFOPLIST_FILE = YES;
				MACOSX_DEPLOYMENT_TARGET = 11.7;
				MARKETING_VERSION = 1.0;
				PRODUCT_BUNDLE_IDENTIFIER = "johann.Tests-macOS";
				PRODUCT_NAME = "$(TARGET_NAME)";
				SDKROOT = macosx;
				SWIFT_EMIT_LOC_STRINGS = NO;
				SWIFT_VERSION = 5.0;
				TEST_TARGET_NAME = "helloworldios (macOS)";
			};
			name = Debug;
		};
		44A4294D2974C7C5008DF7FB /* Release */ = {
			isa = XCBuildConfiguration;
			buildSettings = {
				ALWAYS_EMBED_SWIFT_STANDARD_LIBRARIES = YES;
				CODE_SIGN_STYLE = Automatic;
				CURRENT_PROJECT_VERSION = 1;
				GENERATE_INFOPLIST_FILE = YES;
				MACOSX_DEPLOYMENT_TARGET = 11.7;
				MARKETING_VERSION = 1.0;
				PRODUCT_BUNDLE_IDENTIFIER = "johann.Tests-macOS";
				PRODUCT_NAME = "$(TARGET_NAME)";
				SDKROOT = macosx;
				SWIFT_EMIT_LOC_STRINGS = NO;
				SWIFT_VERSION = 5.0;
				TEST_TARGET_NAME = "helloworldios (macOS)";
			};
			name = Release;
		};
/* End XCBuildConfiguration section */

/* Begin XCConfigurationList section */
		44A429102974C7BD008DF7FB /* Build configuration list for PBXProject "helloworldios" */ = {
			isa = XCConfigurationList;
			buildConfigurations = (
				44A429402974C7C5008DF7FB /* Debug */,
				44A429412974C7C5008DF7FB /* Release */,
			);
			defaultConfigurationIsVisible = 0;
			defaultConfigurationName = Release;
		};
		44A429422974C7C5008DF7FB /* Build configuration list for PBXNativeTarget "helloworldios (iOS)" */ = {
			isa = XCConfigurationList;
			buildConfigurations = (
				44A429432974C7C5008DF7FB /* Debug */,
				44A429442974C7C5008DF7FB /* Release */,
			);
			defaultConfigurationIsVisible = 0;
			defaultConfigurationName = Release;
		};
		44A429452974C7C5008DF7FB /* Build configuration list for PBXNativeTarget "helloworldios (macOS)" */ = {
			isa = XCConfigurationList;
			buildConfigurations = (
				44A429462974C7C5008DF7FB /* Debug */,
				44A429472974C7C5008DF7FB /* Release */,
			);
			defaultConfigurationIsVisible = 0;
			defaultConfigurationName = Release;
		};
		44A429482974C7C5008DF7FB /* Build configuration list for PBXNativeTarget "Tests iOS" */ = {
			isa = XCConfigurationList;
			buildConfigurations = (
				44A429492974C7C5008DF7FB /* Debug */,
				44A4294A2974C7C5008DF7FB /* Release */,
			);
			defaultConfigurationIsVisible = 0;
			defaultConfigurationName = Release;
		};
		44A4294B2974C7C5008DF7FB /* Build configuration list for PBXNativeTarget "Tests macOS" */ = {
			isa = XCConfigurationList;
			buildConfigurations = (
				44A4294C2974C7C5008DF7FB /* Debug */,
				44A4294D2974C7C5008DF7FB /* Release */,
			);
			defaultConfigurationIsVisible = 0;
			defaultConfigurationName = Release;
		};
/* End XCConfigurationList section */
	};
	rootObject = 44A4290D2974C7BD008DF7FB /* Project object */;
}
